
Microsoft Visual Studio Solution File, Format Version 12.00
# Visual Studio Version 16
VisualStudioVersion = 16.0.30804.86
MinimumVisualStudioVersion = 10.0.40219.1
Project("{FAE04EC0-301F-11D3-BF4B-00C04F79EFBC}") = "MVVM_Example", "MVVM_Example\MVVM_Example.csproj", "{94D0C315-7EE5-484E-85DF-68F52085BE69}"
EndProject
Global
	GlobalSection(SolutionConfigurationPlatforms) = preSolution
		Debug|Any CPU = Debug|Any CPU
		Release|Any CPU = Release|Any CPU
	EndGlobalSection
	GlobalSection(ProjectConfigurationPlatforms) = postSolution
		{94D0C315-7EE5-484E-85DF-68F52085BE69}.Debug|Any CPU.ActiveCfg = Debug|Any CPU
		{94D0C315-7EE5-484E-85DF-68F52085BE69}.Debug|Any CPU.Build.0 = Debug|Any CPU
		{94D0C315-7EE5-484E-85DF-68F52085BE69}.Release|Any CPU.ActiveCfg = Release|Any CPU
		{94D0C315-7EE5-484E-85DF-68F52085BE69}.Release|Any CPU.Build.0 = Release|Any CPU
	EndGlobalSection
	GlobalSection(SolutionProperties) = preSolution
		HideSolutionNode = FALSE
	EndGlobalSection
	GlobalSection(ExtensibilityGlobals) = postSolution
		SolutionGuid = {7FECE9C8-579E-418C-A741-8347C0563221}
	EndGlobalSection
EndGlobal
